
Microsoft Visual Studio Solution File, Format Version 12.00
# Visual Studio 15
VisualStudioVersion = 15.0.28307.329
MinimumVisualStudioVersion = 10.0.40219.1
Project("{FAE04EC0-301F-11D3-BF4B-00C04F79EFBC}") = "RazerBypasser", "RazerBypasser\RazerBypasser.csproj", "{5CCE6FF4-EFA5-40AE-AD04-172BA6D723F6}"
EndProject
Global
	GlobalSection(SolutionConfigurationPlatforms) = preSolution
		Debug|Any CPU = Debug|Any CPU
		Release|Any CPU = Release|Any CPU
	EndGlobalSection
	GlobalSection(ProjectConfigurationPlatforms) = postSolution
		{5CCE6FF4-EFA5-40AE-AD04-172BA6D723F6}.Debug|Any CPU.ActiveCfg = Debug|Any CPU
		{5CCE6FF4-EFA5-40AE-AD04-172BA6D723F6}.Debug|Any CPU.Build.0 = Debug|Any CPU
		{5CCE6FF4-EFA5-40AE-AD04-172BA6D723F6}.Release|Any CPU.ActiveCfg = Release|Any CPU
		{5CCE6FF4-EFA5-40AE-AD04-172BA6D723F6}.Release|Any CPU.Build.0 = Release|Any CPU
	EndGlobalSection
	GlobalSection(SolutionProperties) = preSolution
		HideSolutionNode = FALSE
	EndGlobalSection
	GlobalSection(ExtensibilityGlobals) = postSolution
		SolutionGuid = {CB6A4F50-594D-4190-B075-DDD4259FA82A}
	EndGlobalSection
EndGlobal
